{
  "name": "app",
  "lockfileVersion": 2,
  "requires": true,
  "packages": {
    "": {
      "dependencies": {
        "bootstrap": "^5.0.1"
      }
    },
    "node_modules/bootstrap": {
      "version": "5.0.1",
      "license": "MIT",
      "funding": {
        "type": "opencollective",
        "url": "https://opencollective.com/bootstrap"
      },
      "peerDependencies": {
        "@popperjs/core": "^2.9.2"
      }
    }
  },
  "dependencies": {
    "bootstrap": {
      "version": "5.0.1",
      "requires": {}
    }
  }
}
